
Microsoft Visual Studio Solution File, Format Version 12.00
# Visual Studio 15
VisualStudioVersion = 15.0.28010.2046
MinimumVisualStudioVersion = 10.0.40219.1
Project("{FAE04EC0-301F-11D3-BF4B-00C04F79EFBC}") = "Generics", "Generics\Generics.csproj", "{109CD658-64D5-444A-BEF7-8EDB9EF85654}"
EndProject
Project("{2150E333-8FDC-42A3-9474-1A3956D46DE8}") = "Delegates", "Delegates", "{14990991-8CA3-4516-A54F-AE9DEB5FCA57}"
EndProject
Project("{FAE04EC0-301F-11D3-BF4B-00C04F79EFBC}") = "SimpleDelegate", "SimpleDelegate\SimpleDelegate.csproj", "{AB919D47-07D4-4681-A053-5798D434D24D}"
EndProject
Project("{FAE04EC0-301F-11D3-BF4B-00C04F79EFBC}") = "GenericDelegate", "GenericDelegate\GenericDelegate.csproj", "{19FAE1AA-5CE8-412D-88D5-9EE8A78252A6}"
EndProject
Project("{9A19103F-16F7-4668-BE54-9A1E7A4F7556}") = "LambdaExpression", "LambdaExpression\LambdaExpression.csproj", "{8F33E7AC-D775-4E8A-BC72-B001F1921E65}"
EndProject
Project("{9A19103F-16F7-4668-BE54-9A1E7A4F7556}") = "Events", "Events\Events.csproj", "{7815F39B-0DC3-4CFD-817B-65E17794B694}"
EndProject
Project("{9A19103F-16F7-4668-BE54-9A1E7A4F7556}") = "ExtensionMethods", "ExtensionMethods\ExtensionMethods.csproj", "{5CC8E4FB-03FB-47A3-B035-AB17066FAB91}"
EndProject
Project("{9A19103F-16F7-4668-BE54-9A1E7A4F7556}") = "LINQ", "LINQ\LINQ.csproj", "{42783CD1-03CA-4D08-BCF2-68823570C911}"
EndProject
Project("{FAE04EC0-301F-11D3-BF4B-00C04F79EFBC}") = "NullableTypes", "NullableTypes\NullableTypes.csproj", "{73694C12-C2E8-4EF4-9028-F224AE9B282B}"
EndProject
Global
	GlobalSection(SolutionConfigurationPlatforms) = preSolution
		Debug|Any CPU = Debug|Any CPU
		Release|Any CPU = Release|Any CPU
	EndGlobalSection
	GlobalSection(ProjectConfigurationPlatforms) = postSolution
		{109CD658-64D5-444A-BEF7-8EDB9EF85654}.Debug|Any CPU.ActiveCfg = Debug|Any CPU
		{109CD658-64D5-444A-BEF7-8EDB9EF85654}.Debug|Any CPU.Build.0 = Debug|Any CPU
		{109CD658-64D5-444A-BEF7-8EDB9EF85654}.Release|Any CPU.ActiveCfg = Release|Any CPU
		{109CD658-64D5-444A-BEF7-8EDB9EF85654}.Release|Any CPU.Build.0 = Release|Any CPU
		{AB919D47-07D4-4681-A053-5798D434D24D}.Debug|Any CPU.ActiveCfg = Debug|Any CPU
		{AB919D47-07D4-4681-A053-5798D434D24D}.Debug|Any CPU.Build.0 = Debug|Any CPU
		{AB919D47-07D4-4681-A053-5798D434D24D}.Release|Any CPU.ActiveCfg = Release|Any CPU
		{AB919D47-07D4-4681-A053-5798D434D24D}.Release|Any CPU.Build.0 = Release|Any CPU
		{19FAE1AA-5CE8-412D-88D5-9EE8A78252A6}.Debug|Any CPU.ActiveCfg = Debug|Any CPU
		{19FAE1AA-5CE8-412D-88D5-9EE8A78252A6}.Debug|Any CPU.Build.0 = Debug|Any CPU
		{19FAE1AA-5CE8-412D-88D5-9EE8A78252A6}.Release|Any CPU.ActiveCfg = Release|Any CPU
		{19FAE1AA-5CE8-412D-88D5-9EE8A78252A6}.Release|Any CPU.Build.0 = Release|Any CPU
		{8F33E7AC-D775-4E8A-BC72-B001F1921E65}.Debug|Any CPU.ActiveCfg = Debug|Any CPU
		{8F33E7AC-D775-4E8A-BC72-B001F1921E65}.Debug|Any CPU.Build.0 = Debug|Any CPU
		{8F33E7AC-D775-4E8A-BC72-B001F1921E65}.Release|Any CPU.ActiveCfg = Release|Any CPU
		{8F33E7AC-D775-4E8A-BC72-B001F1921E65}.Release|Any CPU.Build.0 = Release|Any CPU
		{7815F39B-0DC3-4CFD-817B-65E17794B694}.Debug|Any CPU.ActiveCfg = Debug|Any CPU
		{7815F39B-0DC3-4CFD-817B-65E17794B694}.Debug|Any CPU.Build.0 = Debug|Any CPU
		{7815F39B-0DC3-4CFD-817B-65E17794B694}.Release|Any CPU.ActiveCfg = Release|Any CPU
		{7815F39B-0DC3-4CFD-817B-65E17794B694}.Release|Any CPU.Build.0 = Release|Any CPU
		{5CC8E4FB-03FB-47A3-B035-AB17066FAB91}.Debug|Any CPU.ActiveCfg = Debug|Any CPU
		{5CC8E4FB-03FB-47A3-B035-AB17066FAB91}.Debug|Any CPU.Build.0 = Debug|Any CPU
		{5CC8E4FB-03FB-47A3-B035-AB17066FAB91}.Release|Any CPU.ActiveCfg = Release|Any CPU
		{5CC8E4FB-03FB-47A3-B035-AB17066FAB91}.Release|Any CPU.Build.0 = Release|Any CPU
		{42783CD1-03CA-4D08-BCF2-68823570C911}.Debug|Any CPU.ActiveCfg = Debug|Any CPU
		{42783CD1-03CA-4D08-BCF2-68823570C911}.Debug|Any CPU.Build.0 = Debug|Any CPU
		{42783CD1-03CA-4D08-BCF2-68823570C911}.Release|Any CPU.ActiveCfg = Release|Any CPU
		{42783CD1-03CA-4D08-BCF2-68823570C911}.Release|Any CPU.Build.0 = Release|Any CPU
		{73694C12-C2E8-4EF4-9028-F224AE9B282B}.Debug|Any CPU.ActiveCfg = Debug|Any CPU
		{73694C12-C2E8-4EF4-9028-F224AE9B282B}.Debug|Any CPU.Build.0 = Debug|Any CPU
		{73694C12-C2E8-4EF4-9028-F224AE9B282B}.Release|Any CPU.ActiveCfg = Release|Any CPU
		{73694C12-C2E8-4EF4-9028-F224AE9B282B}.Release|Any CPU.Build.0 = Release|Any CPU
	EndGlobalSection
	GlobalSection(SolutionProperties) = preSolution
		HideSolutionNode = FALSE
	EndGlobalSection
	GlobalSection(NestedProjects) = preSolution
		{AB919D47-07D4-4681-A053-5798D434D24D} = {14990991-8CA3-4516-A54F-AE9DEB5FCA57}
		{19FAE1AA-5CE8-412D-88D5-9EE8A78252A6} = {14990991-8CA3-4516-A54F-AE9DEB5FCA57}
	EndGlobalSection
	GlobalSection(ExtensibilityGlobals) = postSolution
		SolutionGuid = {E91EEA1D-7BDE-47D3-B3B1-697341477F81}
	EndGlobalSection
EndGlobal
